{
  "name": "mgrs",
  "version": "1.0.0",
  "lockfileVersion": 2,
  "requires": true,
  "packages": {
    "": {
      "name": "mgrs",
      "version": "1.0.0",
      "license": "ISC",
      "dependencies": {
        "csv-stringify": "^6.2.0",
        "geodesy": "^2.4.0"
      }
    },
    "node_modules/csv-stringify": {
      "version": "6.2.0",
      "resolved": "https://registry.npmjs.org/csv-stringify/-/csv-stringify-6.2.0.tgz",
      "integrity": "sha512-dcUbQLRTTDcgQxgEU8V9IctkaCwHZjZfzUZ5ZB3RY8Y+pXtdtl5iVQHfGzANytFFkRKanYzBXrkfpNdGR7eviA=="
    },
    "node_modules/geodesy": {
      "version": "2.4.0",
      "resolved": "https://registry.npmjs.org/geodesy/-/geodesy-2.4.0.tgz",
      "integrity": "sha512-tHjQ1sXq8UAIEg1V0Pa6mznUxGU0R+3H5PIF6NULr0yPCAVLKqJro93Bbr19jSE18BMfyjN4osWDI4sm92m0kw==",
      "engines": {
        "node": ">=8.0.0"
      }
    }
  },
  "dependencies": {
    "csv-stringify": {
      "version": "6.2.0",
      "resolved": "https://registry.npmjs.org/csv-stringify/-/csv-stringify-6.2.0.tgz",
      "integrity": "sha512-dcUbQLRTTDcgQxgEU8V9IctkaCwHZjZfzUZ5ZB3RY8Y+pXtdtl5iVQHfGzANytFFkRKanYzBXrkfpNdGR7eviA=="
    },
    "geodesy": {
      "version": "2.4.0",
      "resolved": "https://registry.npmjs.org/geodesy/-/geodesy-2.4.0.tgz",
      "integrity": "sha512-tHjQ1sXq8UAIEg1V0Pa6mznUxGU0R+3H5PIF6NULr0yPCAVLKqJro93Bbr19jSE18BMfyjN4osWDI4sm92m0kw=="
    }
  }
}
